// !$*UTF8*$!
{
	archiveVersion = 1;
	classes = {
	};
	objectVersion = 56;
	objects = {

/* Begin PBXBuildFile section */
		B36697082CABFE76002F0683 /* AppDelegate.swift in Sources */ = {isa = PBXBuildFile; fileRef = B36697072CABFE76002F0683 /* AppDelegate.swift */; };
		B366970A2CABFE76002F0683 /* SceneDelegate.swift in Sources */ = {isa = PBXBuildFile; fileRef = B36697092CABFE76002F0683 /* SceneDelegate.swift */; };
		B366970F2CABFE76002F0683 /* Base in Resources */ = {isa = PBXBuildFile; fileRef = B366970E2CABFE76002F0683 /* Base */; };
		B36697112CABFE78002F0683 /* Assets.xcassets in Resources */ = {isa = PBXBuildFile; fileRef = B36697102CABFE78002F0683 /* Assets.xcassets */; };
		B36697142CABFE78002F0683 /* Base in Resources */ = {isa = PBXBuildFile; fileRef = B36697132CABFE78002F0683 /* Base */; };
		B366971D2CABFEB6002F0683 /* HomePageViewController.swift in Sources */ = {isa = PBXBuildFile; fileRef = B366971C2CABFEB6002F0683 /* HomePageViewController.swift */; };
		B36697222CAC03C3002F0683 /* CategoryCollectionViewCell.swift in Sources */ = {isa = PBXBuildFile; fileRef = B36697202CAC03C3002F0683 /* CategoryCollectionViewCell.swift */; };
		B36697232CAC03C3002F0683 /* CategoryCollectionViewCell.xib in Resources */ = {isa = PBXBuildFile; fileRef = B36697212CAC03C3002F0683 /* CategoryCollectionViewCell.xib */; };
		B36697262CAC0563002F0683 /* Category.swift in Sources */ = {isa = PBXBuildFile; fileRef = B36697252CAC0563002F0683 /* Category.swift */; };
		B36697292CAC0837002F0683 /* Alamofire in Frameworks */ = {isa = PBXBuildFile; productRef = B36697282CAC0837002F0683 /* Alamofire */; };
		B366972B2CAC198F002F0683 /* Categories.json in Resources */ = {isa = PBXBuildFile; fileRef = B366972A2CAC198F002F0683 /* Categories.json */; };
		B36697302CAC28C7002F0683 /* MenuCollectionViewCell.swift in Sources */ = {isa = PBXBuildFile; fileRef = B366972E2CAC28C7002F0683 /* MenuCollectionViewCell.swift */; };
		B36697312CAC28C7002F0683 /* MenuCollectionViewCell.xib in Resources */ = {isa = PBXBuildFile; fileRef = B366972F2CAC28C7002F0683 /* MenuCollectionViewCell.xib */; };
		B36697332CAC40DA002F0683 /* MenuList.swift in Sources */ = {isa = PBXBuildFile; fileRef = B36697322CAC40DA002F0683 /* MenuList.swift */; };
		B36697352CAC413E002F0683 /* Menus.json in Resources */ = {isa = PBXBuildFile; fileRef = B36697342CAC413E002F0683 /* Menus.json */; };
		B36697372CAC42AB002F0683 /* MenuViewController.swift in Sources */ = {isa = PBXBuildFile; fileRef = B36697362CAC42AB002F0683 /* MenuViewController.swift */; };
/* End PBXBuildFile section */

/* Begin PBXFileReference section */
		B36697042CABFE76002F0683 /* practiceFinal.app */ = {isa = PBXFileReference; explicitFileType = wrapper.application; includeInIndex = 0; path = practiceFinal.app; sourceTree = BUILT_PRODUCTS_DIR; };
		B36697072CABFE76002F0683 /* AppDelegate.swift */ = {isa = PBXFileReference; lastKnownFileType = sourcecode.swift; path = AppDelegate.swift; sourceTree = "<group>"; };
		B36697092CABFE76002F0683 /* SceneDelegate.swift */ = {isa = PBXFileReference; lastKnownFileType = sourcecode.swift; path = SceneDelegate.swift; sourceTree = "<group>"; };
		B366970E2CABFE76002F0683 /* Base */ = {isa = PBXFileReference; lastKnownFileType = file.storyboard; name = Base; path = Base.lproj/Main.storyboard; sourceTree = "<group>"; };
		B36697102CABFE78002F0683 /* Assets.xcassets */ = {isa = PBXFileReference; lastKnownFileType = folder.assetcatalog; path = Assets.xcassets; sourceTree = "<group>"; };
		B36697132CABFE78002F0683 /* Base */ = {isa = PBXFileReference; lastKnownFileType = file.storyboard; name = Base; path = Base.lproj/LaunchScreen.storyboard; sourceTree = "<group>"; };
		B36697152CABFE78002F0683 /* Info.plist */ = {isa = PBXFileReference; lastKnownFileType = text.plist.xml; path = Info.plist; sourceTree = "<group>"; };
		B366971C2CABFEB6002F0683 /* HomePageViewController.swift */ = {isa = PBXFileReference; lastKnownFileType = sourcecode.swift; path = HomePageViewController.swift; sourceTree = "<group>"; };
		B36697202CAC03C3002F0683 /* CategoryCollectionViewCell.swift */ = {isa = PBXFileReference; lastKnownFileType = sourcecode.swift; path = CategoryCollectionViewCell.swift; sourceTree = "<group>"; };
		B36697212CAC03C3002F0683 /* CategoryCollectionViewCell.xib */ = {isa = PBXFileReference; lastKnownFileType = file.xib; path = CategoryCollectionViewCell.xib; sourceTree = "<group>"; };
		B36697252CAC0563002F0683 /* Category.swift */ = {isa = PBXFileReference; lastKnownFileType = sourcecode.swift; path = Category.swift; sourceTree = "<group>"; };
		B366972A2CAC198F002F0683 /* Categories.json */ = {isa = PBXFileReference; lastKnownFileType = text.json; path = Categories.json; sourceTree = "<group>"; };
		B366972E2CAC28C7002F0683 /* MenuCollectionViewCell.swift */ = {isa = PBXFileReference; lastKnownFileType = sourcecode.swift; path = MenuCollectionViewCell.swift; sourceTree = "<group>"; };
		B366972F2CAC28C7002F0683 /* MenuCollectionViewCell.xib */ = {isa = PBXFileReference; lastKnownFileType = file.xib; path = MenuCollectionViewCell.xib; sourceTree = "<group>"; };
		B36697322CAC40DA002F0683 /* MenuList.swift */ = {isa = PBXFileReference; lastKnownFileType = sourcecode.swift; path = MenuList.swift; sourceTree = "<group>"; };
		B36697342CAC413E002F0683 /* Menus.json */ = {isa = PBXFileReference; lastKnownFileType = text.json; path = Menus.json; sourceTree = "<group>"; };
		B36697362CAC42AB002F0683 /* MenuViewController.swift */ = {isa = PBXFileReference; lastKnownFileType = sourcecode.swift; path = MenuViewController.swift; sourceTree = "<group>"; };
/* End PBXFileReference section */

/* Begin PBXFrameworksBuildPhase section */
		B36697012CABFE76002F0683 /* Frameworks */ = {
			isa = PBXFrameworksBuildPhase;
			buildActionMask = 2147483647;
			files = (
				B36697292CAC0837002F0683 /* Alamofire in Frameworks */,
			);
			runOnlyForDeploymentPostprocessing = 0;
		};
/* End PBXFrameworksBuildPhase section */

/* Begin PBXGroup section */
		B36696FB2CABFE76002F0683 = {
			isa = PBXGroup;
			children = (
				B36697062CABFE76002F0683 /* practiceFinal */,
				B36697052CABFE76002F0683 /* Products */,
			);
			sourceTree = "<group>";
		};
		B36697052CABFE76002F0683 /* Products */ = {
			isa = PBXGroup;
			children = (
				B36697042CABFE76002F0683 /* practiceFinal.app */,
			);
			name = Products;
			sourceTree = "<group>";
		};
		B36697062CABFE76002F0683 /* practiceFinal */ = {
			isa = PBXGroup;
			children = (
				B36697242CAC0554002F0683 /* Models */,
				B366971E2CAC0385002F0683 /* CustomView */,
				B366971B2CABFEA3002F0683 /* Views */,
				B36697072CABFE76002F0683 /* AppDelegate.swift */,
				B36697092CABFE76002F0683 /* SceneDelegate.swift */,
				B366970D2CABFE76002F0683 /* Main.storyboard */,
				B36697102CABFE78002F0683 /* Assets.xcassets */,
				B36697122CABFE78002F0683 /* LaunchScreen.storyboard */,
				B36697152CABFE78002F0683 /* Info.plist */,
			);
			path = practiceFinal;
			sourceTree = "<group>";
		};
		B366971B2CABFEA3002F0683 /* Views */ = {
			isa = PBXGroup;
			children = (
				B366971C2CABFEB6002F0683 /* HomePageViewController.swift */,
				B36697362CAC42AB002F0683 /* MenuViewController.swift */,
			);
			path = Views;
			sourceTree = "<group>";
		};
		B366971E2CAC0385002F0683 /* CustomView */ = {
			isa = PBXGroup;
			children = (
				B366971F2CAC038E002F0683 /* CollectionViewCell */,
			);
			path = CustomView;
			sourceTree = "<group>";
		};
		B366971F2CAC038E002F0683 /* CollectionViewCell */ = {
			isa = PBXGroup;
			children = (
				B366972D2CAC2810002F0683 /* MenuCollectionViewCell */,
				B366972C2CAC2800002F0683 /* CategoryCollectionViewCell */,
			);
			path = CollectionViewCell;
			sourceTree = "<group>";
		};
		B36697242CAC0554002F0683 /* Models */ = {
			isa = PBXGroup;
			children = (
				B36697252CAC0563002F0683 /* Category.swift */,
				B366972A2CAC198F002F0683 /* Categories.json */,
				B36697322CAC40DA002F0683 /* MenuList.swift */,
				B36697342CAC413E002F0683 /* Menus.json */,
			);
			path = Models;
			sourceTree = "<group>";
		};
		B366972C2CAC2800002F0683 /* CategoryCollectionViewCell */ = {
			isa = PBXGroup;
			children = (
				B36697202CAC03C3002F0683 /* CategoryCollectionViewCell.swift */,
				B36697212CAC03C3002F0683 /* CategoryCollectionViewCell.xib */,
			);
			path = CategoryCollectionViewCell;
			sourceTree = "<group>";
		};
		B366972D2CAC2810002F0683 /* MenuCollectionViewCell */ = {
			isa = PBXGroup;
			children = (
				B366972E2CAC28C7002F0683 /* MenuCollectionViewCell.swift */,
				B366972F2CAC28C7002F0683 /* MenuCollectionViewCell.xib */,
			);
			path = MenuCollectionViewCell;
			sourceTree = "<group>";
		};
/* End PBXGroup section */

/* Begin PBXNativeTarget section */
		B36697032CABFE76002F0683 /* practiceFinal */ = {
			isa = PBXNativeTarget;
			buildConfigurationList = B36697182CABFE78002F0683 /* Build configuration list for PBXNativeTarget "practiceFinal" */;
			buildPhases = (
				B36697002CABFE76002F0683 /* Sources */,
				B36697012CABFE76002F0683 /* Frameworks */,
				B36697022CABFE76002F0683 /* Resources */,
			);
			buildRules = (
			);
			dependencies = (
			);
			name = practiceFinal;
			packageProductDependencies = (
				B36697282CAC0837002F0683 /* Alamofire */,
			);
			productName = practiceFinal;
			productReference = B36697042CABFE76002F0683 /* practiceFinal.app */;
			productType = "com.apple.product-type.application";
		};
/* End PBXNativeTarget section */

/* Begin PBXProject section */
		B36696FC2CABFE76002F0683 /* Project object */ = {
			isa = PBXProject;
			attributes = {
				BuildIndependentTargetsInParallel = 1;
				LastSwiftUpdateCheck = 1540;
				LastUpgradeCheck = 1540;
				TargetAttributes = {
					B36697032CABFE76002F0683 = {
						CreatedOnToolsVersion = 15.4;
					};
				};
			};
			buildConfigurationList = B36696FF2CABFE76002F0683 /* Build configuration list for PBXProject "practiceFinal" */;
			compatibilityVersion = "Xcode 14.0";
			developmentRegion = en;
			hasScannedForEncodings = 0;
			knownRegions = (
				en,
				Base,
			);
			mainGroup = B36696FB2CABFE76002F0683;
			packageReferences = (
				B36697272CAC0837002F0683 /* XCRemoteSwiftPackageReference "Alamofire" */,
			);
			productRefGroup = B36697052CABFE76002F0683 /* Products */;
			projectDirPath = "";
			projectRoot = "";
			targets = (
				B36697032CABFE76002F0683 /* practiceFinal */,
			);
		};
/* End PBXProject section */

/* Begin PBXResourcesBuildPhase section */
		B36697022CABFE76002F0683 /* Resources */ = {
			isa = PBXResourcesBuildPhase;
			buildActionMask = 2147483647;
			files = (
				B36697232CAC03C3002F0683 /* CategoryCollectionViewCell.xib in Resources */,
				B36697312CAC28C7002F0683 /* MenuCollectionViewCell.xib in Resources */,
				B36697352CAC413E002F0683 /* Menus.json in Resources */,
				B36697112CABFE78002F0683 /* Assets.xcassets in Resources */,
				B36697142CABFE78002F0683 /* Base in Resources */,
				B366970F2CABFE76002F0683 /* Base in Resources */,
				B366972B2CAC198F002F0683 /* Categories.json in Resources */,
			);
			runOnlyForDeploymentPostprocessing = 0;
		};
/* End PBXResourcesBuildPhase section */

/* Begin PBXSourcesBuildPhase section */
		B36697002CABFE76002F0683 /* Sources */ = {
			isa = PBXSourcesBuildPhase;
			buildActionMask = 2147483647;
			files = (
				B36697222CAC03C3002F0683 /* CategoryCollectionViewCell.swift in Sources */,
				B36697262CAC0563002F0683 /* Category.swift in Sources */,
				B36697082CABFE76002F0683 /* AppDelegate.swift in Sources */,
				B366970A2CABFE76002F0683 /* SceneDelegate.swift in Sources */,
				B366971D2CABFEB6002F0683 /* HomePageViewController.swift in Sources */,
				B36697302CAC28C7002F0683 /* MenuCollectionViewCell.swift in Sources */,
				B36697332CAC40DA002F0683 /* MenuList.swift in Sources */,
				B36697372CAC42AB002F0683 /* MenuViewController.swift in Sources */,
			);
			runOnlyForDeploymentPostprocessing = 0;
		};
/* End PBXSourcesBuildPhase section */

/* Begin PBXVariantGroup section */
		B366970D2CABFE76002F0683 /* Main.storyboard */ = {
			isa = PBXVariantGroup;
			children = (
				B366970E2CABFE76002F0683 /* Base */,
			);
			name = Main.storyboard;
			sourceTree = "<group>";
		};
		B36697122CABFE78002F0683 /* LaunchScreen.storyboard */ = {
			isa = PBXVariantGroup;
			children = (
				B36697132CABFE78002F0683 /* Base */,
			);
			name = LaunchScreen.storyboard;
			sourceTree = "<group>";
		};
/* End PBXVariantGroup section */

/* Begin XCBuildConfiguration section */
		B36697162CABFE78002F0683 /* Debug */ = {
			isa = XCBuildConfiguration;
			buildSettings = {
				ALWAYS_SEARCH_USER_PATHS = NO;
				ASSETCATALOG_COMPILER_GENERATE_SWIFT_ASSET_SYMBOL_EXTENSIONS = YES;
				CLANG_ANALYZER_NONNULL = YES;
				CLANG_ANALYZER_NUMBER_OBJECT_CONVERSION = YES_AGGRESSIVE;
				CLANG_CXX_LANGUAGE_STANDARD = "gnu++20";
				CLANG_ENABLE_MODULES = YES;
				CLANG_ENABLE_OBJC_ARC = YES;
				CLANG_ENABLE_OBJC_WEAK = YES;
				CLANG_WARN_BLOCK_CAPTURE_AUTORELEASING = YES;
				CLANG_WARN_BOOL_CONVERSION = YES;
				CLANG_WARN_COMMA = YES;
				CLANG_WARN_CONSTANT_CONVERSION = YES;
				CLANG_WARN_DEPRECATED_OBJC_IMPLEMENTATIONS = YES;
				CLANG_WARN_DIRECT_OBJC_ISA_USAGE = YES_ERROR;
				CLANG_WARN_DOCUMENTATION_COMMENTS = YES;
				CLANG_WARN_EMPTY_BODY = YES;
				CLANG_WARN_ENUM_CONVERSION = YES;
				CLANG_WARN_INFINITE_RECURSION = YES;
				CLANG_WARN_INT_CONVERSION = YES;
				CLANG_WARN_NON_LITERAL_NULL_CONVERSION = YES;
				CLANG_WARN_OBJC_IMPLICIT_RETAIN_SELF = YES;
				CLANG_WARN_OBJC_LITERAL_CONVERSION = YES;
				CLANG_WARN_OBJC_ROOT_CLASS = YES_ERROR;
				CLANG_WARN_QUOTED_INCLUDE_IN_FRAMEWORK_HEADER = YES;
				CLANG_WARN_RANGE_LOOP_ANALYSIS = YES;
				CLANG_WARN_STRICT_PROTOTYPES = YES;
				CLANG_WARN_SUSPICIOUS_MOVE = YES;
				CLANG_WARN_UNGUARDED_AVAILABILITY = YES_AGGRESSIVE;
				CLANG_WARN_UNREACHABLE_CODE = YES;
				CLANG_WARN__DUPLICATE_METHOD_MATCH = YES;
				COPY_PHASE_STRIP = NO;
				DEBUG_INFORMATION_FORMAT = dwarf;
				ENABLE_STRICT_OBJC_MSGSEND = YES;
				ENABLE_TESTABILITY = YES;
				ENABLE_USER_SCRIPT_SANDBOXING = YES;
				GCC_C_LANGUAGE_STANDARD = gnu17;
				GCC_DYNAMIC_NO_PIC = NO;
				GCC_NO_COMMON_BLOCKS = YES;
				GCC_OPTIMIZATION_LEVEL = 0;
				GCC_PREPROCESSOR_DEFINITIONS = (
					"DEBUG=1",
					"$(inherited)",
				);
				GCC_WARN_64_TO_32_BIT_CONVERSION = YES;
				GCC_WARN_ABOUT_RETURN_TYPE = YES_ERROR;
				GCC_WARN_UNDECLARED_SELECTOR = YES;
				GCC_WARN_UNINITIALIZED_AUTOS = YES_AGGRESSIVE;
				GCC_WARN_UNUSED_FUNCTION = YES;
				GCC_WARN_UNUSED_VARIABLE = YES;
				IPHONEOS_DEPLOYMENT_TARGET = 17.5;
				LOCALIZATION_PREFERS_STRING_CATALOGS = YES;
				MTL_ENABLE_DEBUG_INFO = INCLUDE_SOURCE;
				MTL_FAST_MATH = YES;
				ONLY_ACTIVE_ARCH = YES;
				SDKROOT = iphoneos;
				SWIFT_ACTIVE_COMPILATION_CONDITIONS = "DEBUG $(inherited)";
				SWIFT_OPTIMIZATION_LEVEL = "-Onone";
			};
			name = Debug;
		};
		B36697172CABFE78002F0683 /* Release */ = {
			isa = XCBuildConfiguration;
			buildSettings = {
				ALWAYS_SEARCH_USER_PATHS = NO;
				ASSETCATALOG_COMPILER_GENERATE_SWIFT_ASSET_SYMBOL_EXTENSIONS = YES;
				CLANG_ANALYZER_NONNULL = YES;
				CLANG_ANALYZER_NUMBER_OBJECT_CONVERSION = YES_AGGRESSIVE;
				CLANG_CXX_LANGUAGE_STANDARD = "gnu++20";
				CLANG_ENABLE_MODULES = YES;
				CLANG_ENABLE_OBJC_ARC = YES;
				CLANG_ENABLE_OBJC_WEAK = YES;
				CLANG_WARN_BLOCK_CAPTURE_AUTORELEASING = YES;
				CLANG_WARN_BOOL_CONVERSION = YES;
				CLANG_WARN_COMMA = YES;
				CLANG_WARN_CONSTANT_CONVERSION = YES;
				CLANG_WARN_DEPRECATED_OBJC_IMPLEMENTATIONS = YES;
				CLANG_WARN_DIRECT_OBJC_ISA_USAGE = YES_ERROR;
				CLANG_WARN_DOCUMENTATION_COMMENTS = YES;
				CLANG_WARN_EMPTY_BODY = YES;
				CLANG_WARN_ENUM_CONVERSION = YES;
				CLANG_WARN_INFINITE_RECURSION = YES;
				CLANG_WARN_INT_CONVERSION = YES;
				CLANG_WARN_NON_LITERAL_NULL_CONVERSION = YES;
				CLANG_WARN_OBJC_IMPLICIT_RETAIN_SELF = YES;
				CLANG_WARN_OBJC_LITERAL_CONVERSION = YES;
				CLANG_WARN_OBJC_ROOT_CLASS = YES_ERROR;
				CLANG_WARN_QUOTED_INCLUDE_IN_FRAMEWORK_HEADER = YES;
				CLANG_WARN_RANGE_LOOP_ANALYSIS = YES;
				CLANG_WARN_STRICT_PROTOTYPES = YES;
				CLANG_WARN_SUSPICIOUS_MOVE = YES;
				CLANG_WARN_UNGUARDED_AVAILABILITY = YES_AGGRESSIVE;
				CLANG_WARN_UNREACHABLE_CODE = YES;
				CLANG_WARN__DUPLICATE_METHOD_MATCH = YES;
				COPY_PHASE_STRIP = NO;
				DEBUG_INFORMATION_FORMAT = "dwarf-with-dsym";
				ENABLE_NS_ASSERTIONS = NO;
				ENABLE_STRICT_OBJC_MSGSEND = YES;
				ENABLE_USER_SCRIPT_SANDBOXING = YES;
				GCC_C_LANGUAGE_STANDARD = gnu17;
				GCC_NO_COMMON_BLOCKS = YES;
				GCC_WARN_64_TO_32_BIT_CONVERSION = YES;
				GCC_WARN_ABOUT_RETURN_TYPE = YES_ERROR;
				GCC_WARN_UNDECLARED_SELECTOR = YES;
				GCC_WARN_UNINITIALIZED_AUTOS = YES_AGGRESSIVE;
				GCC_WARN_UNUSED_FUNCTION = YES;
				GCC_WARN_UNUSED_VARIABLE = YES;
				IPHONEOS_DEPLOYMENT_TARGET = 17.5;
				LOCALIZATION_PREFERS_STRING_CATALOGS = YES;
				MTL_ENABLE_DEBUG_INFO = NO;
				MTL_FAST_MATH = YES;
				SDKROOT = iphoneos;
				SWIFT_COMPILATION_MODE = wholemodule;
				VALIDATE_PRODUCT = YES;
			};
			name = Release;
		};
		B36697192CABFE78002F0683 /* Debug */ = {
			isa = XCBuildConfiguration;
			buildSettings = {
				ASSETCATALOG_COMPILER_APPICON_NAME = AppIcon;
				ASSETCATALOG_COMPILER_GLOBAL_ACCENT_COLOR_NAME = AccentColor;
				CODE_SIGN_STYLE = Automatic;
				CURRENT_PROJECT_VERSION = 1;
				GENERATE_INFOPLIST_FILE = YES;
				INFOPLIST_FILE = practiceFinal/Info.plist;
				INFOPLIST_KEY_UIApplicationSupportsIndirectInputEvents = YES;
				INFOPLIST_KEY_UILaunchStoryboardName = LaunchScreen;
				INFOPLIST_KEY_UIMainStoryboardFile = Main;
				INFOPLIST_KEY_UISupportedInterfaceOrientations_iPad = "UIInterfaceOrientationPortrait UIInterfaceOrientationPortraitUpsideDown UIInterfaceOrientationLandscapeLeft UIInterfaceOrientationLandscapeRight";
				INFOPLIST_KEY_UISupportedInterfaceOrientations_iPhone = "UIInterfaceOrientationPortrait UIInterfaceOrientationLandscapeLeft UIInterfaceOrientationLandscapeRight";
				IPHONEOS_DEPLOYMENT_TARGET = 15.0;
				LD_RUNPATH_SEARCH_PATHS = (
					"$(inherited)",
					"@executable_path/Frameworks",
				);
				MARKETING_VERSION = 1.0;
				PRODUCT_BUNDLE_IDENTIFIER = Leo.practiceFinal;
				PRODUCT_NAME = "$(TARGET_NAME)";
				SWIFT_EMIT_LOC_STRINGS = YES;
				SWIFT_VERSION = 5.0;
				TARGETED_DEVICE_FAMILY = "1,2";
			};
			name = Debug;
		};
		B366971A2CABFE78002F0683 /* Release */ = {
			isa = XCBuildConfiguration;
			buildSettings = {
				ASSETCATALOG_COMPILER_APPICON_NAME = AppIcon;
				ASSETCATALOG_COMPILER_GLOBAL_ACCENT_COLOR_NAME = AccentColor;
				CODE_SIGN_STYLE = Automatic;
				CURRENT_PROJECT_VERSION = 1;
				GENERATE_INFOPLIST_FILE = YES;
				INFOPLIST_FILE = practiceFinal/Info.plist;
				INFOPLIST_KEY_UIApplicationSupportsIndirectInputEvents = YES;
				INFOPLIST_KEY_UILaunchStoryboardName = LaunchScreen;
				INFOPLIST_KEY_UIMainStoryboardFile = Main;
				INFOPLIST_KEY_UISupportedInterfaceOrientations_iPad = "UIInterfaceOrientationPortrait UIInterfaceOrientationPortraitUpsideDown UIInterfaceOrientationLandscapeLeft UIInterfaceOrientationLandscapeRight";
				INFOPLIST_KEY_UISupportedInterfaceOrientations_iPhone = "UIInterfaceOrientationPortrait UIInterfaceOrientationLandscapeLeft UIInterfaceOrientationLandscapeRight";
				IPHONEOS_DEPLOYMENT_TARGET = 15.0;
				LD_RUNPATH_SEARCH_PATHS = (
					"$(inherited)",
					"@executable_path/Frameworks",
				);
				MARKETING_VERSION = 1.0;
				PRODUCT_BUNDLE_IDENTIFIER = Leo.practiceFinal;
				PRODUCT_NAME = "$(TARGET_NAME)";
				SWIFT_EMIT_LOC_STRINGS = YES;
				SWIFT_VERSION = 5.0;
				TARGETED_DEVICE_FAMILY = "1,2";
			};
			name = Release;
		};
/* End XCBuildConfiguration section */

/* Begin XCConfigurationList section */
		B36696FF2CABFE76002F0683 /* Build configuration list for PBXProject "practiceFinal" */ = {
			isa = XCConfigurationList;
			buildConfigurations = (
				B36697162CABFE78002F0683 /* Debug */,
				B36697172CABFE78002F0683 /* Release */,
			);
			defaultConfigurationIsVisible = 0;
			defaultConfigurationName = Release;
		};
		B36697182CABFE78002F0683 /* Build configuration list for PBXNativeTarget "practiceFinal" */ = {
			isa = XCConfigurationList;
			buildConfigurations = (
				B36697192CABFE78002F0683 /* Debug */,
				B366971A2CABFE78002F0683 /* Release */,
			);
			defaultConfigurationIsVisible = 0;
			defaultConfigurationName = Release;
		};
/* End XCConfigurationList section */

/* Begin XCRemoteSwiftPackageReference section */
		B36697272CAC0837002F0683 /* XCRemoteSwiftPackageReference "Alamofire" */ = {
			isa = XCRemoteSwiftPackageReference;
			repositoryURL = "https://github.com/Alamofire/Alamofire.git";
			requirement = {
				kind = upToNextMajorVersion;
				minimumVersion = 5.9.1;
			};
		};
/* End XCRemoteSwiftPackageReference section */

/* Begin XCSwiftPackageProductDependency section */
		B36697282CAC0837002F0683 /* Alamofire */ = {
			isa = XCSwiftPackageProductDependency;
			package = B36697272CAC0837002F0683 /* XCRemoteSwiftPackageReference "Alamofire" */;
			productName = Alamofire;
		};
/* End XCSwiftPackageProductDependency section */
	};
	rootObject = B36696FC2CABFE76002F0683 /* Project object */;
}
